
Microsoft Visual Studio Solution File, Format Version 12.00
# Visual Studio Version 16
VisualStudioVersion = 16.0.29503.13
MinimumVisualStudioVersion = 10.0.40219.1
Project("{9A19103F-16F7-4668-BE54-9A1E7A4F7556}") = "VfpClient.Tests", "VfpClient.Tests\VfpClient.Tests.csproj", "{C47F0E9E-ACB2-4647-BDCD-66813C1EE1E6}"
EndProject
Project("{9A19103F-16F7-4668-BE54-9A1E7A4F7556}") = "VfpClient", "VfpClient\VfpClient.csproj", "{02A3762B-BF7F-4A52-9662-8E0C9655314B}"
EndProject
Global
	GlobalSection(SolutionConfigurationPlatforms) = preSolution
		Debug_35|Any CPU = Debug_35|Any CPU
		Debug_35|Mixed Platforms = Debug_35|Mixed Platforms
		Debug_35|x86 = Debug_35|x86
		Debug|Any CPU = Debug|Any CPU
		Debug|Mixed Platforms = Debug|Mixed Platforms
		Debug|x86 = Debug|x86
		Release_35|Any CPU = Release_35|Any CPU
		Release_35|Mixed Platforms = Release_35|Mixed Platforms
		Release_35|x86 = Release_35|x86
		Release_40|Any CPU = Release_40|Any CPU
		Release_40|Mixed Platforms = Release_40|Mixed Platforms
		Release_40|x86 = Release_40|x86
		Release_45|Any CPU = Release_45|Any CPU
		Release_45|Mixed Platforms = Release_45|Mixed Platforms
		Release_45|x86 = Release_45|x86
		Release|Any CPU = Release|Any CPU
		Release|Mixed Platforms = Release|Mixed Platforms
		Release|x86 = Release|x86
	EndGlobalSection
	GlobalSection(ProjectConfigurationPlatforms) = postSolution
		{C47F0E9E-ACB2-4647-BDCD-66813C1EE1E6}.Debug_35|Any CPU.ActiveCfg = Debug|Any CPU
		{C47F0E9E-ACB2-4647-BDCD-66813C1EE1E6}.Debug_35|Any CPU.Build.0 = Debug|Any CPU
		{C47F0E9E-ACB2-4647-BDCD-66813C1EE1E6}.Debug_35|Mixed Platforms.ActiveCfg = Debug|Any CPU
		{C47F0E9E-ACB2-4647-BDCD-66813C1EE1E6}.Debug_35|Mixed Platforms.Build.0 = Debug|Any CPU
		{C47F0E9E-ACB2-4647-BDCD-66813C1EE1E6}.Debug_35|x86.ActiveCfg = Debug|Any CPU
		{C47F0E9E-ACB2-4647-BDCD-66813C1EE1E6}.Debug_35|x86.Build.0 = Debug|Any CPU
		{C47F0E9E-ACB2-4647-BDCD-66813C1EE1E6}.Debug|Any CPU.ActiveCfg = Debug|Any CPU
		{C47F0E9E-ACB2-4647-BDCD-66813C1EE1E6}.Debug|Any CPU.Build.0 = Debug|Any CPU
		{C47F0E9E-ACB2-4647-BDCD-66813C1EE1E6}.Debug|Mixed Platforms.ActiveCfg = Debug|Any CPU
		{C47F0E9E-ACB2-4647-BDCD-66813C1EE1E6}.Debug|Mixed Platforms.Build.0 = Debug|Any CPU
		{C47F0E9E-ACB2-4647-BDCD-66813C1EE1E6}.Debug|x86.ActiveCfg = Debug|Any CPU
		{C47F0E9E-ACB2-4647-BDCD-66813C1EE1E6}.Debug|x86.Build.0 = Debug|Any CPU
		{C47F0E9E-ACB2-4647-BDCD-66813C1EE1E6}.Release_35|Any CPU.ActiveCfg = Release|Any CPU
		{C47F0E9E-ACB2-4647-BDCD-66813C1EE1E6}.Release_35|Any CPU.Build.0 = Release|Any CPU
		{C47F0E9E-ACB2-4647-BDCD-66813C1EE1E6}.Release_35|Mixed Platforms.ActiveCfg = Release|Any CPU
		{C47F0E9E-ACB2-4647-BDCD-66813C1EE1E6}.Release_35|Mixed Platforms.Build.0 = Release|Any CPU
		{C47F0E9E-ACB2-4647-BDCD-66813C1EE1E6}.Release_35|x86.ActiveCfg = Release|Any CPU
		{C47F0E9E-ACB2-4647-BDCD-66813C1EE1E6}.Release_35|x86.Build.0 = Release|Any CPU
		{C47F0E9E-ACB2-4647-BDCD-66813C1EE1E6}.Release_40|Any CPU.ActiveCfg = Release|Any CPU
		{C47F0E9E-ACB2-4647-BDCD-66813C1EE1E6}.Release_40|Any CPU.Build.0 = Release|Any CPU
		{C47F0E9E-ACB2-4647-BDCD-66813C1EE1E6}.Release_40|Mixed Platforms.ActiveCfg = Release|Any CPU
		{C47F0E9E-ACB2-4647-BDCD-66813C1EE1E6}.Release_40|Mixed Platforms.Build.0 = Release|Any CPU
		{C47F0E9E-ACB2-4647-BDCD-66813C1EE1E6}.Release_40|x86.ActiveCfg = Release|Any CPU
		{C47F0E9E-ACB2-4647-BDCD-66813C1EE1E6}.Release_40|x86.Build.0 = Release|Any CPU
		{C47F0E9E-ACB2-4647-BDCD-66813C1EE1E6}.Release_45|Any CPU.ActiveCfg = Release|Any CPU
		{C47F0E9E-ACB2-4647-BDCD-66813C1EE1E6}.Release_45|Any CPU.Build.0 = Release|Any CPU
		{C47F0E9E-ACB2-4647-BDCD-66813C1EE1E6}.Release_45|Mixed Platforms.ActiveCfg = Release|Any CPU
		{C47F0E9E-ACB2-4647-BDCD-66813C1EE1E6}.Release_45|Mixed Platforms.Build.0 = Release|Any CPU
		{C47F0E9E-ACB2-4647-BDCD-66813C1EE1E6}.Release_45|x86.ActiveCfg = Release|Any CPU
		{C47F0E9E-ACB2-4647-BDCD-66813C1EE1E6}.Release_45|x86.Build.0 = Release|Any CPU
		{C47F0E9E-ACB2-4647-BDCD-66813C1EE1E6}.Release|Any CPU.ActiveCfg = Release|Any CPU
		{C47F0E9E-ACB2-4647-BDCD-66813C1EE1E6}.Release|Any CPU.Build.0 = Release|Any CPU
		{C47F0E9E-ACB2-4647-BDCD-66813C1EE1E6}.Release|Mixed Platforms.ActiveCfg = Release|Any CPU
		{C47F0E9E-ACB2-4647-BDCD-66813C1EE1E6}.Release|Mixed Platforms.Build.0 = Release|Any CPU
		{C47F0E9E-ACB2-4647-BDCD-66813C1EE1E6}.Release|x86.ActiveCfg = Release|Any CPU
		{C47F0E9E-ACB2-4647-BDCD-66813C1EE1E6}.Release|x86.Build.0 = Release|Any CPU
		{02A3762B-BF7F-4A52-9662-8E0C9655314B}.Debug_35|Any CPU.ActiveCfg = Debug|Any CPU
		{02A3762B-BF7F-4A52-9662-8E0C9655314B}.Debug_35|Any CPU.Build.0 = Debug|Any CPU
		{02A3762B-BF7F-4A52-9662-8E0C9655314B}.Debug_35|Mixed Platforms.ActiveCfg = Debug|Any CPU
		{02A3762B-BF7F-4A52-9662-8E0C9655314B}.Debug_35|Mixed Platforms.Build.0 = Debug|Any CPU
		{02A3762B-BF7F-4A52-9662-8E0C9655314B}.Debug_35|x86.ActiveCfg = Debug|Any CPU
		{02A3762B-BF7F-4A52-9662-8E0C9655314B}.Debug_35|x86.Build.0 = Debug|Any CPU
		{02A3762B-BF7F-4A52-9662-8E0C9655314B}.Debug|Any CPU.ActiveCfg = Debug|Any CPU
		{02A3762B-BF7F-4A52-9662-8E0C9655314B}.Debug|Any CPU.Build.0 = Debug|Any CPU
		{02A3762B-BF7F-4A52-9662-8E0C9655314B}.Debug|Mixed Platforms.ActiveCfg = Debug|Any CPU
		{02A3762B-BF7F-4A52-9662-8E0C9655314B}.Debug|Mixed Platforms.Build.0 = Debug|Any CPU
		{02A3762B-BF7F-4A52-9662-8E0C9655314B}.Debug|x86.ActiveCfg = Debug|Any CPU
		{02A3762B-BF7F-4A52-9662-8E0C9655314B}.Debug|x86.Build.0 = Debug|Any CPU
		{02A3762B-BF7F-4A52-9662-8E0C9655314B}.Release_35|Any CPU.ActiveCfg = Release|Any CPU
		{02A3762B-BF7F-4A52-9662-8E0C9655314B}.Release_35|Any CPU.Build.0 = Release|Any CPU
		{02A3762B-BF7F-4A52-9662-8E0C9655314B}.Release_35|Mixed Platforms.ActiveCfg = Release|Any CPU
		{02A3762B-BF7F-4A52-9662-8E0C9655314B}.Release_35|Mixed Platforms.Build.0 = Release|Any CPU
		{02A3762B-BF7F-4A52-9662-8E0C9655314B}.Release_35|x86.ActiveCfg = Release|Any CPU
		{02A3762B-BF7F-4A52-9662-8E0C9655314B}.Release_35|x86.Build.0 = Release|Any CPU
		{02A3762B-BF7F-4A52-9662-8E0C9655314B}.Release_40|Any CPU.ActiveCfg = Release|Any CPU
		{02A3762B-BF7F-4A52-9662-8E0C9655314B}.Release_40|Any CPU.Build.0 = Release|Any CPU
		{02A3762B-BF7F-4A52-9662-8E0C9655314B}.Release_40|Mixed Platforms.ActiveCfg = Release|Any CPU
		{02A3762B-BF7F-4A52-9662-8E0C9655314B}.Release_40|Mixed Platforms.Build.0 = Release|Any CPU
		{02A3762B-BF7F-4A52-9662-8E0C9655314B}.Release_40|x86.ActiveCfg = Release|Any CPU
		{02A3762B-BF7F-4A52-9662-8E0C9655314B}.Release_40|x86.Build.0 = Release|Any CPU
		{02A3762B-BF7F-4A52-9662-8E0C9655314B}.Release_45|Any CPU.ActiveCfg = Release|Any CPU
		{02A3762B-BF7F-4A52-9662-8E0C9655314B}.Release_45|Any CPU.Build.0 = Release|Any CPU
		{02A3762B-BF7F-4A52-9662-8E0C9655314B}.Release_45|Mixed Platforms.ActiveCfg = Release|Any CPU
		{02A3762B-BF7F-4A52-9662-8E0C9655314B}.Release_45|Mixed Platforms.Build.0 = Release|Any CPU
		{02A3762B-BF7F-4A52-9662-8E0C9655314B}.Release_45|x86.ActiveCfg = Release|Any CPU
		{02A3762B-BF7F-4A52-9662-8E0C9655314B}.Release_45|x86.Build.0 = Release|Any CPU
		{02A3762B-BF7F-4A52-9662-8E0C9655314B}.Release|Any CPU.ActiveCfg = Release|Any CPU
		{02A3762B-BF7F-4A52-9662-8E0C9655314B}.Release|Any CPU.Build.0 = Release|Any CPU
		{02A3762B-BF7F-4A52-9662-8E0C9655314B}.Release|Mixed Platforms.ActiveCfg = Release|Any CPU
		{02A3762B-BF7F-4A52-9662-8E0C9655314B}.Release|Mixed Platforms.Build.0 = Release|Any CPU
		{02A3762B-BF7F-4A52-9662-8E0C9655314B}.Release|x86.ActiveCfg = Release|Any CPU
		{02A3762B-BF7F-4A52-9662-8E0C9655314B}.Release|x86.Build.0 = Release|Any CPU
	EndGlobalSection
	GlobalSection(SolutionProperties) = preSolution
		HideSolutionNode = FALSE
	EndGlobalSection
	GlobalSection(ExtensibilityGlobals) = postSolution
		SolutionGuid = {863D6B2F-D39D-41C1-A023-1B94A2AAFE14}
	EndGlobalSection
	GlobalSection(TestCaseManagementSettings) = postSolution
		CategoryFile = VfpClient.vsmdi
	EndGlobalSection
EndGlobal
