
Microsoft Visual Studio Solution File, Format Version 12.00
# Visual Studio 2013
VisualStudioVersion = 12.0.31101.0
MinimumVisualStudioVersion = 10.0.40219.1
Project("{FAE04EC0-301F-11D3-BF4B-00C04F79EFBC}") = "VfpClient.Tests", "VfpClient.Tests\VfpClient.Tests.csproj", "{C47F0E9E-ACB2-4647-BDCD-66813C1EE1E6}"
EndProject
Project("{2150E333-8FDC-42A3-9474-1A3956D46DE8}") = "Solution Items", "Solution Items", "{BBCDEAD1-6EE1-4857-A2D3-2A72B522A612}"
	ProjectSection(SolutionItems) = preProject
		Local.testsettings = Local.testsettings
		TraceAndTestImpact.testsettings = TraceAndTestImpact.testsettings
		VfpClient.vsmdi = VfpClient.vsmdi
	EndProjectSection
EndProject
Project("{FAE04EC0-301F-11D3-BF4B-00C04F79EFBC}") = "VfpClient", "VfpClient\VfpClient.csproj", "{02A3762B-BF7F-4A52-9662-8E0C9655314B}"
EndProject
Project("{FAE04EC0-301F-11D3-BF4B-00C04F79EFBC}") = "VfpClient.Design", "VfpClient.Design\VfpClient.Design.csproj", "{16EDA1E4-1288-449C-AE77-C32CE6C10BA1}"
EndProject
Project("{930C7802-8A8C-48F9-8165-68863BCCD9DD}") = "VfpClient.Setup", "VfpClient.Setup\VfpClient.Setup.wixproj", "{359CFFD5-EDE6-48CC-B2B8-18B082EF6260}"
EndProject
Global
	GlobalSection(SolutionConfigurationPlatforms) = preSolution
		Debug_35|Any CPU = Debug_35|Any CPU
		Debug_35|Mixed Platforms = Debug_35|Mixed Platforms
		Debug_35|x86 = Debug_35|x86
		Debug|Any CPU = Debug|Any CPU
		Debug|Mixed Platforms = Debug|Mixed Platforms
		Debug|x86 = Debug|x86
		Release_35|Any CPU = Release_35|Any CPU
		Release_35|Mixed Platforms = Release_35|Mixed Platforms
		Release_35|x86 = Release_35|x86
		Release_40|Any CPU = Release_40|Any CPU
		Release_40|Mixed Platforms = Release_40|Mixed Platforms
		Release_40|x86 = Release_40|x86
		Release_45|Any CPU = Release_45|Any CPU
		Release_45|Mixed Platforms = Release_45|Mixed Platforms
		Release_45|x86 = Release_45|x86
		Release|Any CPU = Release|Any CPU
		Release|Mixed Platforms = Release|Mixed Platforms
		Release|x86 = Release|x86
	EndGlobalSection
	GlobalSection(ProjectConfigurationPlatforms) = postSolution
		{C47F0E9E-ACB2-4647-BDCD-66813C1EE1E6}.Debug_35|Any CPU.ActiveCfg = Debug|x86
		{C47F0E9E-ACB2-4647-BDCD-66813C1EE1E6}.Debug_35|Mixed Platforms.ActiveCfg = Debug|x86
		{C47F0E9E-ACB2-4647-BDCD-66813C1EE1E6}.Debug_35|Mixed Platforms.Build.0 = Debug|x86
		{C47F0E9E-ACB2-4647-BDCD-66813C1EE1E6}.Debug_35|x86.ActiveCfg = Debug|x86
		{C47F0E9E-ACB2-4647-BDCD-66813C1EE1E6}.Debug_35|x86.Build.0 = Debug|x86
		{C47F0E9E-ACB2-4647-BDCD-66813C1EE1E6}.Debug|Any CPU.ActiveCfg = Debug|x86
		{C47F0E9E-ACB2-4647-BDCD-66813C1EE1E6}.Debug|Mixed Platforms.ActiveCfg = Debug|x86
		{C47F0E9E-ACB2-4647-BDCD-66813C1EE1E6}.Debug|Mixed Platforms.Build.0 = Debug|x86
		{C47F0E9E-ACB2-4647-BDCD-66813C1EE1E6}.Debug|x86.ActiveCfg = Debug|x86
		{C47F0E9E-ACB2-4647-BDCD-66813C1EE1E6}.Debug|x86.Build.0 = Debug|x86
		{C47F0E9E-ACB2-4647-BDCD-66813C1EE1E6}.Release_35|Any CPU.ActiveCfg = Release_35|x86
		{C47F0E9E-ACB2-4647-BDCD-66813C1EE1E6}.Release_35|Mixed Platforms.ActiveCfg = Release_35|x86
		{C47F0E9E-ACB2-4647-BDCD-66813C1EE1E6}.Release_35|Mixed Platforms.Build.0 = Release_35|x86
		{C47F0E9E-ACB2-4647-BDCD-66813C1EE1E6}.Release_35|x86.ActiveCfg = Release_35|x86
		{C47F0E9E-ACB2-4647-BDCD-66813C1EE1E6}.Release_35|x86.Build.0 = Release_35|x86
		{C47F0E9E-ACB2-4647-BDCD-66813C1EE1E6}.Release_40|Any CPU.ActiveCfg = Release_40|x86
		{C47F0E9E-ACB2-4647-BDCD-66813C1EE1E6}.Release_40|Mixed Platforms.ActiveCfg = Release_40|x86
		{C47F0E9E-ACB2-4647-BDCD-66813C1EE1E6}.Release_40|Mixed Platforms.Build.0 = Release_40|x86
		{C47F0E9E-ACB2-4647-BDCD-66813C1EE1E6}.Release_40|x86.ActiveCfg = Release_40|x86
		{C47F0E9E-ACB2-4647-BDCD-66813C1EE1E6}.Release_40|x86.Build.0 = Release_40|x86
		{C47F0E9E-ACB2-4647-BDCD-66813C1EE1E6}.Release_45|Any CPU.ActiveCfg = Release_45|x86
		{C47F0E9E-ACB2-4647-BDCD-66813C1EE1E6}.Release_45|Mixed Platforms.ActiveCfg = Release_45|x86
		{C47F0E9E-ACB2-4647-BDCD-66813C1EE1E6}.Release_45|Mixed Platforms.Build.0 = Release_45|x86
		{C47F0E9E-ACB2-4647-BDCD-66813C1EE1E6}.Release_45|x86.ActiveCfg = Release_45|x86
		{C47F0E9E-ACB2-4647-BDCD-66813C1EE1E6}.Release_45|x86.Build.0 = Release_45|x86
		{C47F0E9E-ACB2-4647-BDCD-66813C1EE1E6}.Release|Any CPU.ActiveCfg = Release_45|x86
		{C47F0E9E-ACB2-4647-BDCD-66813C1EE1E6}.Release|Mixed Platforms.ActiveCfg = Release_45|x86
		{C47F0E9E-ACB2-4647-BDCD-66813C1EE1E6}.Release|Mixed Platforms.Build.0 = Release_45|x86
		{C47F0E9E-ACB2-4647-BDCD-66813C1EE1E6}.Release|x86.ActiveCfg = Release_45|x86
		{C47F0E9E-ACB2-4647-BDCD-66813C1EE1E6}.Release|x86.Build.0 = Release_45|x86
		{02A3762B-BF7F-4A52-9662-8E0C9655314B}.Debug_35|Any CPU.ActiveCfg = Debug|x86
		{02A3762B-BF7F-4A52-9662-8E0C9655314B}.Debug_35|Mixed Platforms.ActiveCfg = Debug|x86
		{02A3762B-BF7F-4A52-9662-8E0C9655314B}.Debug_35|Mixed Platforms.Build.0 = Debug|x86
		{02A3762B-BF7F-4A52-9662-8E0C9655314B}.Debug_35|x86.ActiveCfg = Debug|x86
		{02A3762B-BF7F-4A52-9662-8E0C9655314B}.Debug_35|x86.Build.0 = Debug|x86
		{02A3762B-BF7F-4A52-9662-8E0C9655314B}.Debug|Any CPU.ActiveCfg = Debug|x86
		{02A3762B-BF7F-4A52-9662-8E0C9655314B}.Debug|Mixed Platforms.ActiveCfg = Debug|x86
		{02A3762B-BF7F-4A52-9662-8E0C9655314B}.Debug|Mixed Platforms.Build.0 = Debug|x86
		{02A3762B-BF7F-4A52-9662-8E0C9655314B}.Debug|x86.ActiveCfg = Debug|x86
		{02A3762B-BF7F-4A52-9662-8E0C9655314B}.Debug|x86.Build.0 = Debug|x86
		{02A3762B-BF7F-4A52-9662-8E0C9655314B}.Release_35|Any CPU.ActiveCfg = Release_35|x86
		{02A3762B-BF7F-4A52-9662-8E0C9655314B}.Release_35|Mixed Platforms.ActiveCfg = Release_35|x86
		{02A3762B-BF7F-4A52-9662-8E0C9655314B}.Release_35|Mixed Platforms.Build.0 = Release_35|x86
		{02A3762B-BF7F-4A52-9662-8E0C9655314B}.Release_35|x86.ActiveCfg = Release_35|x86
		{02A3762B-BF7F-4A52-9662-8E0C9655314B}.Release_35|x86.Build.0 = Release_35|x86
		{02A3762B-BF7F-4A52-9662-8E0C9655314B}.Release_40|Any CPU.ActiveCfg = Release_40|x86
		{02A3762B-BF7F-4A52-9662-8E0C9655314B}.Release_40|Mixed Platforms.ActiveCfg = Release_40|x86
		{02A3762B-BF7F-4A52-9662-8E0C9655314B}.Release_40|Mixed Platforms.Build.0 = Release_40|x86
		{02A3762B-BF7F-4A52-9662-8E0C9655314B}.Release_40|x86.ActiveCfg = Release_40|x86
		{02A3762B-BF7F-4A52-9662-8E0C9655314B}.Release_40|x86.Build.0 = Release_40|x86
		{02A3762B-BF7F-4A52-9662-8E0C9655314B}.Release_45|Any CPU.ActiveCfg = Release_45|x86
		{02A3762B-BF7F-4A52-9662-8E0C9655314B}.Release_45|Mixed Platforms.ActiveCfg = Release_45|x86
		{02A3762B-BF7F-4A52-9662-8E0C9655314B}.Release_45|Mixed Platforms.Build.0 = Release_45|x86
		{02A3762B-BF7F-4A52-9662-8E0C9655314B}.Release_45|x86.ActiveCfg = Release_45|x86
		{02A3762B-BF7F-4A52-9662-8E0C9655314B}.Release_45|x86.Build.0 = Release_45|x86
		{02A3762B-BF7F-4A52-9662-8E0C9655314B}.Release|Any CPU.ActiveCfg = Release_45|x86
		{02A3762B-BF7F-4A52-9662-8E0C9655314B}.Release|Mixed Platforms.ActiveCfg = Release_45|x86
		{02A3762B-BF7F-4A52-9662-8E0C9655314B}.Release|Mixed Platforms.Build.0 = Release_45|x86
		{02A3762B-BF7F-4A52-9662-8E0C9655314B}.Release|x86.ActiveCfg = Release_45|x86
		{02A3762B-BF7F-4A52-9662-8E0C9655314B}.Release|x86.Build.0 = Release_45|x86
		{16EDA1E4-1288-449C-AE77-C32CE6C10BA1}.Debug_35|Any CPU.ActiveCfg = Debug|x86
		{16EDA1E4-1288-449C-AE77-C32CE6C10BA1}.Debug_35|Mixed Platforms.ActiveCfg = Debug|x86
		{16EDA1E4-1288-449C-AE77-C32CE6C10BA1}.Debug_35|Mixed Platforms.Build.0 = Debug|x86
		{16EDA1E4-1288-449C-AE77-C32CE6C10BA1}.Debug_35|x86.ActiveCfg = Debug|x86
		{16EDA1E4-1288-449C-AE77-C32CE6C10BA1}.Debug_35|x86.Build.0 = Debug|x86
		{16EDA1E4-1288-449C-AE77-C32CE6C10BA1}.Debug|Any CPU.ActiveCfg = Debug|x86
		{16EDA1E4-1288-449C-AE77-C32CE6C10BA1}.Debug|Mixed Platforms.ActiveCfg = Debug|x86
		{16EDA1E4-1288-449C-AE77-C32CE6C10BA1}.Debug|Mixed Platforms.Build.0 = Debug|x86
		{16EDA1E4-1288-449C-AE77-C32CE6C10BA1}.Debug|x86.ActiveCfg = Debug|x86
		{16EDA1E4-1288-449C-AE77-C32CE6C10BA1}.Debug|x86.Build.0 = Debug|x86
		{16EDA1E4-1288-449C-AE77-C32CE6C10BA1}.Release_35|Any CPU.ActiveCfg = Release_35|x86
		{16EDA1E4-1288-449C-AE77-C32CE6C10BA1}.Release_35|Mixed Platforms.ActiveCfg = Release_35|x86
		{16EDA1E4-1288-449C-AE77-C32CE6C10BA1}.Release_35|Mixed Platforms.Build.0 = Release_35|x86
		{16EDA1E4-1288-449C-AE77-C32CE6C10BA1}.Release_35|x86.ActiveCfg = Release_35|x86
		{16EDA1E4-1288-449C-AE77-C32CE6C10BA1}.Release_40|Any CPU.ActiveCfg = Release_40|x86
		{16EDA1E4-1288-449C-AE77-C32CE6C10BA1}.Release_40|Mixed Platforms.ActiveCfg = Release_40|x86
		{16EDA1E4-1288-449C-AE77-C32CE6C10BA1}.Release_40|Mixed Platforms.Build.0 = Release_40|x86
		{16EDA1E4-1288-449C-AE77-C32CE6C10BA1}.Release_40|x86.ActiveCfg = Release_40|x86
		{16EDA1E4-1288-449C-AE77-C32CE6C10BA1}.Release_40|x86.Build.0 = Release_40|x86
		{16EDA1E4-1288-449C-AE77-C32CE6C10BA1}.Release_45|Any CPU.ActiveCfg = Release_45|x86
		{16EDA1E4-1288-449C-AE77-C32CE6C10BA1}.Release_45|Mixed Platforms.ActiveCfg = Release_45|x86
		{16EDA1E4-1288-449C-AE77-C32CE6C10BA1}.Release_45|Mixed Platforms.Build.0 = Release_45|x86
		{16EDA1E4-1288-449C-AE77-C32CE6C10BA1}.Release_45|x86.ActiveCfg = Release_45|x86
		{16EDA1E4-1288-449C-AE77-C32CE6C10BA1}.Release|Any CPU.ActiveCfg = Release_45|x86
		{16EDA1E4-1288-449C-AE77-C32CE6C10BA1}.Release|Mixed Platforms.ActiveCfg = Release_45|x86
		{16EDA1E4-1288-449C-AE77-C32CE6C10BA1}.Release|Mixed Platforms.Build.0 = Release_45|x86
		{16EDA1E4-1288-449C-AE77-C32CE6C10BA1}.Release|x86.ActiveCfg = Release_45|x86
		{16EDA1E4-1288-449C-AE77-C32CE6C10BA1}.Release|x86.Build.0 = Release_45|x86
		{359CFFD5-EDE6-48CC-B2B8-18B082EF6260}.Debug_35|Any CPU.ActiveCfg = Debug_35|x86
		{359CFFD5-EDE6-48CC-B2B8-18B082EF6260}.Debug_35|Mixed Platforms.ActiveCfg = Debug_35|x86
		{359CFFD5-EDE6-48CC-B2B8-18B082EF6260}.Debug_35|Mixed Platforms.Build.0 = Debug_35|x86
		{359CFFD5-EDE6-48CC-B2B8-18B082EF6260}.Debug_35|x86.ActiveCfg = Debug_35|x86
		{359CFFD5-EDE6-48CC-B2B8-18B082EF6260}.Debug_35|x86.Build.0 = Debug_35|x86
		{359CFFD5-EDE6-48CC-B2B8-18B082EF6260}.Debug|Any CPU.ActiveCfg = Debug|x86
		{359CFFD5-EDE6-48CC-B2B8-18B082EF6260}.Debug|Mixed Platforms.ActiveCfg = Debug|x86
		{359CFFD5-EDE6-48CC-B2B8-18B082EF6260}.Debug|x86.ActiveCfg = Debug|x86
		{359CFFD5-EDE6-48CC-B2B8-18B082EF6260}.Debug|x86.Build.0 = Debug|x86
		{359CFFD5-EDE6-48CC-B2B8-18B082EF6260}.Release_35|Any CPU.ActiveCfg = Release|x86
		{359CFFD5-EDE6-48CC-B2B8-18B082EF6260}.Release_35|Mixed Platforms.ActiveCfg = Release|x86
		{359CFFD5-EDE6-48CC-B2B8-18B082EF6260}.Release_35|Mixed Platforms.Build.0 = Release|x86
		{359CFFD5-EDE6-48CC-B2B8-18B082EF6260}.Release_35|x86.ActiveCfg = Release|x86
		{359CFFD5-EDE6-48CC-B2B8-18B082EF6260}.Release_35|x86.Build.0 = Release|x86
		{359CFFD5-EDE6-48CC-B2B8-18B082EF6260}.Release_40|Any CPU.ActiveCfg = Release|x86
		{359CFFD5-EDE6-48CC-B2B8-18B082EF6260}.Release_40|Mixed Platforms.ActiveCfg = Release|x86
		{359CFFD5-EDE6-48CC-B2B8-18B082EF6260}.Release_40|Mixed Platforms.Build.0 = Release|x86
		{359CFFD5-EDE6-48CC-B2B8-18B082EF6260}.Release_40|x86.ActiveCfg = Release|x86
		{359CFFD5-EDE6-48CC-B2B8-18B082EF6260}.Release_40|x86.Build.0 = Release|x86
		{359CFFD5-EDE6-48CC-B2B8-18B082EF6260}.Release_45|Any CPU.ActiveCfg = Release|x86
		{359CFFD5-EDE6-48CC-B2B8-18B082EF6260}.Release_45|Mixed Platforms.ActiveCfg = Release|x86
		{359CFFD5-EDE6-48CC-B2B8-18B082EF6260}.Release_45|Mixed Platforms.Build.0 = Release|x86
		{359CFFD5-EDE6-48CC-B2B8-18B082EF6260}.Release_45|x86.ActiveCfg = Release|x86
		{359CFFD5-EDE6-48CC-B2B8-18B082EF6260}.Release_45|x86.Build.0 = Release|x86
		{359CFFD5-EDE6-48CC-B2B8-18B082EF6260}.Release|Any CPU.ActiveCfg = Release|x86
		{359CFFD5-EDE6-48CC-B2B8-18B082EF6260}.Release|Mixed Platforms.ActiveCfg = Release|x86
		{359CFFD5-EDE6-48CC-B2B8-18B082EF6260}.Release|Mixed Platforms.Build.0 = Release|x86
		{359CFFD5-EDE6-48CC-B2B8-18B082EF6260}.Release|x86.ActiveCfg = Release|x86
		{359CFFD5-EDE6-48CC-B2B8-18B082EF6260}.Release|x86.Build.0 = Release|x86
	EndGlobalSection
	GlobalSection(SolutionProperties) = preSolution
		HideSolutionNode = FALSE
	EndGlobalSection
	GlobalSection(TestCaseManagementSettings) = postSolution
		CategoryFile = VfpClient.vsmdi
	EndGlobalSection
EndGlobal
